
Microsoft Visual Studio Solution File, Format Version 12.00
# Visual Studio Version 16
VisualStudioVersion = 16.0.31410.357
MinimumVisualStudioVersion = 10.0.40219.1
Project("{FAE04EC0-301F-11D3-BF4B-00C04F79EFBC}") = "M07", "M07\M07.csproj", "{38D0A55B-77B8-469B-9040-4244CC54A63D}"
EndProject
Global
	GlobalSection(SolutionConfigurationPlatforms) = preSolution
		Debug|Any CPU = Debug|Any CPU
		Release|Any CPU = Release|Any CPU
	EndGlobalSection
	GlobalSection(ProjectConfigurationPlatforms) = postSolution
		{38D0A55B-77B8-469B-9040-4244CC54A63D}.Debug|Any CPU.ActiveCfg = Debug|Any CPU
		{38D0A55B-77B8-469B-9040-4244CC54A63D}.Debug|Any CPU.Build.0 = Debug|Any CPU
		{38D0A55B-77B8-469B-9040-4244CC54A63D}.Release|Any CPU.ActiveCfg = Release|Any CPU
		{38D0A55B-77B8-469B-9040-4244CC54A63D}.Release|Any CPU.Build.0 = Release|Any CPU
	EndGlobalSection
	GlobalSection(SolutionProperties) = preSolution
		HideSolutionNode = FALSE
	EndGlobalSection
	GlobalSection(ExtensibilityGlobals) = postSolution
		SolutionGuid = {FE431D61-510E-4EED-AF6E-9CDA3BACDF74}
	EndGlobalSection
EndGlobal
